PODS:
  - Capacitor (6.0.0-rc.0):
    - CapacitorCordova
  - CapacitorCamera (6.0.0-rc.0):
    - Capacitor
  - CapacitorCordova (6.0.0-rc.0)
  - CapacitorDevice (6.0.0-rc.0):
    - Capacitor

DEPENDENCIES:
  - "Capacitor (from `../../node_modules/.pnpm/@capacitor+ios@6.0.0-rc.0_@capacitor+core@6.0.0-rc.0/node_modules/@capacitor/ios`)"
  - "CapacitorCamera (from `../../node_modules/.pnpm/@capacitor+camera@6.0.0-rc.0_@capacitor+core@6.0.0-rc.0/node_modules/@capacitor/camera`)"
  - "CapacitorCordova (from `../../node_modules/.pnpm/@capacitor+ios@6.0.0-rc.0_@capacitor+core@6.0.0-rc.0/node_modules/@capacitor/ios`)"
  - "CapacitorDevice (from `../../node_modules/.pnpm/@capacitor+device@6.0.0-rc.0_@capacitor+core@6.0.0-rc.0/node_modules/@capacitor/device`)"

EXTERNAL SOURCES:
  Capacitor:
    :path: "../../node_modules/.pnpm/@capacitor+ios@6.0.0-rc.0_@capacitor+core@6.0.0-rc.0/node_modules/@capacitor/ios"
  CapacitorCamera:
    :path: "../../node_modules/.pnpm/@capacitor+camera@6.0.0-rc.0_@capacitor+core@6.0.0-rc.0/node_modules/@capacitor/camera"
  CapacitorCordova:
    :path: "../../node_modules/.pnpm/@capacitor+ios@6.0.0-rc.0_@capacitor+core@6.0.0-rc.0/node_modules/@capacitor/ios"
  CapacitorDevice:
    :path: "../../node_modules/.pnpm/@capacitor+device@6.0.0-rc.0_@capacitor+core@6.0.0-rc.0/node_modules/@capacitor/device"

SPEC CHECKSUMS:
  Capacitor: c5b8b4e73032b078db259f1bbe71afd09fd84250
  CapacitorCamera: c12f4257c69363e4deb4b7aa612073b62ee62e76
  CapacitorCordova: e8930c71b1bf90e793253f3057b3354a88ed83b3
  CapacitorDevice: 5a51d98383f548d2e36d4df39ed9e4643d6f096f

PODFILE CHECKSUM: 8050384794c3623861325e813b77d3535ca0f80c

COCOAPODS: 1.15.2
